Microsoft Visual Studio Solution File, Format Version 12.00
# Visual Studio Version 17
VisualStudioVersion = 17.13.35919.96
MinimumVisualStudioVersion = 10.0.40219.1
Project("{FAE04EC0-301F-11D3-BF4B-00C04F79EFBC}") = "HotelAdminSystem", "HotelAdminSystem\HotelAdminSystem.csproj", "{38FDB6E0-05E4-4955-BC20-9263250C87FA}"
EndProject
Project("{FAE04EC0-301F-11D3-BF4B-00C04F79EFBC}") = "HotelAdminSystem.Tests", "HotelAdminSystem.Tests\HotelAdminSystem.Tests.csproj", "{1730247D-D315-4DBC-A576-734930E01358}"
EndProject
Global
	GlobalSection(SolutionConfigurationPlatforms) = preSolution
		Debug|Any CPU = Debug|Any CPU
		Release|Any CPU = Release|Any CPU
	EndGlobalSection
	GlobalSection(ProjectConfigurationPlatforms) = postSolution
		{38FDB6E0-05E4-4955-BC20-9263250C87FA}.Debug|Any CPU.ActiveCfg = Debug|Any CPU
		{38FDB6E0-05E4-4955-BC20-9263250C87FA}.Debug|Any CPU.Build.0 = Debug|Any CPU
		{38FDB6E0-05E4-4955-BC20-9263250C87FA}.Release|Any CPU.ActiveCfg = Release|Any CPU
		{38FDB6E0-05E4-4955-BC20-9263250C87FA}.Release|Any CPU.Build.0 = Release|Any CPU
		{1730247D-D315-4DBC-A576-734930E01358}.Debug|Any CPU.ActiveCfg = Debug|Any CPU
		{1730247D-D315-4DBC-A576-734930E01358}.Debug|Any CPU.Build.0 = Debug|Any CPU
		{1730247D-D315-4DBC-A576-734930E01358}.Release|Any CPU.ActiveCfg = Release|Any CPU
		{1730247D-D315-4DBC-A576-734930E01358}.Release|Any CPU.Build.0 = Release|Any CPU
	EndGlobalSection
	GlobalSection(SolutionProperties) = preSolution
		HideSolutionNode = FALSE
	EndGlobalSection
	GlobalSection(ExtensibilityGlobals) = postSolution
		SolutionGuid = {F00283B0-0BAF-47FF-B5D9-35FFBAFE159B}
	EndGlobalSection
EndGlobal
